
Microsoft Visual Studio Solution File, Format Version 12.00
# Visual Studio Version 17
VisualStudioVersion = 17.1.32414.318
MinimumVisualStudioVersion = 10.0.40219.1
Project("{FAE04EC0-301F-11D3-BF4B-00C04F79EFBC}") = "Hackerman", "Hackerman\Hackerman.csproj", "{4FC0E247-E42E-4756-B939-A50B86A32DBA}"
	ProjectSection(ProjectDependencies) = postProject
		{96348E0B-5CCB-4929-942D-E16D66C6A22F} = {96348E0B-5CCB-4929-942D-E16D66C6A22F}
	EndProjectSection
EndProject
Project("{FAE04EC0-301F-11D3-BF4B-00C04F79EFBC}") = "Server", "Server\Server.csproj", "{96348E0B-5CCB-4929-942D-E16D66C6A22F}"
EndProject
Global
	GlobalSection(SolutionConfigurationPlatforms) = preSolution
		Debug|Any CPU = Debug|Any CPU
		Release|Any CPU = Release|Any CPU
	EndGlobalSection
	GlobalSection(ProjectConfigurationPlatforms) = postSolution
		{4FC0E247-E42E-4756-B939-A50B86A32DBA}.Debug|Any CPU.ActiveCfg = Debug|Any CPU
		{4FC0E247-E42E-4756-B939-A50B86A32DBA}.Debug|Any CPU.Build.0 = Debug|Any CPU
		{4FC0E247-E42E-4756-B939-A50B86A32DBA}.Release|Any CPU.ActiveCfg = Release|Any CPU
		{4FC0E247-E42E-4756-B939-A50B86A32DBA}.Release|Any CPU.Build.0 = Release|Any CPU
		{96348E0B-5CCB-4929-942D-E16D66C6A22F}.Debug|Any CPU.ActiveCfg = Debug|Any CPU
		{96348E0B-5CCB-4929-942D-E16D66C6A22F}.Debug|Any CPU.Build.0 = Debug|Any CPU
		{96348E0B-5CCB-4929-942D-E16D66C6A22F}.Release|Any CPU.ActiveCfg = Release|Any CPU
		{96348E0B-5CCB-4929-942D-E16D66C6A22F}.Release|Any CPU.Build.0 = Release|Any CPU
	EndGlobalSection
	GlobalSection(SolutionProperties) = preSolution
		HideSolutionNode = FALSE
	EndGlobalSection
	GlobalSection(ExtensibilityGlobals) = postSolution
		SolutionGuid = {E9700F9E-9DEC-4C2B-9BA3-56743957D7C0}
	EndGlobalSection
EndGlobal
